
Microsoft Visual Studio Solution File, Format Version 12.00
# Visual Studio Version 17
VisualStudioVersion = 17.6.33801.468
MinimumVisualStudioVersion = 10.0.40219.1
Project("{9A19103F-16F7-4668-BE54-9A1E7A4F7556}") = "UndyneFight-Ex", "UndyneFight-Ex\UndyneFight-Ex.csproj", "{5CC8C0A3-BF26-4591-8499-0D940D270034}"
EndProject
Project("{9A19103F-16F7-4668-BE54-9A1E7A4F7556}") = "Rhythm Recall", "Rhythm Recall\Rhythm Recall.csproj", "{CD6A9092-6926-4177-A513-774075036A5C}"
EndProject
Project("{9A19103F-16F7-4668-BE54-9A1E7A4F7556}") = "RecallCharter", "RecallCharter\RecallCharter.csproj", "{A428E8EB-DDA6-4C8A-9C87-21D009C1C29C}"
EndProject
Project("{9A19103F-16F7-4668-BE54-9A1E7A4F7556}") = "UndyneFight_RE", "UndyneFight-RE\UndyneFight_RE.csproj", "{D94AEF1F-D759-466A-AC82-9A3CA1C9CB8B}"
EndProject
Project("{9A19103F-16F7-4668-BE54-9A1E7A4F7556}") = "UFProcessor", "UFProcessor\UFProcessor.csproj", "{84AA83CE-6EF6-4A9D-B8FA-F2167B910881}"
	ProjectSection(ProjectDependencies) = postProject
		{5CC8C0A3-BF26-4591-8499-0D940D270034} = {5CC8C0A3-BF26-4591-8499-0D940D270034}
		{D94AEF1F-D759-466A-AC82-9A3CA1C9CB8B} = {D94AEF1F-D759-466A-AC82-9A3CA1C9CB8B}
	EndProjectSection
EndProject
Global
	GlobalSection(SolutionConfigurationPlatforms) = preSolution
		Debug|Any CPU = Debug|Any CPU
		Release|Any CPU = Release|Any CPU
	EndGlobalSection
	GlobalSection(ProjectConfigurationPlatforms) = postSolution
		{5CC8C0A3-BF26-4591-8499-0D940D270034}.Debug|Any CPU.ActiveCfg = Debug|Any CPU
		{5CC8C0A3-BF26-4591-8499-0D940D270034}.Debug|Any CPU.Build.0 = Debug|Any CPU
		{5CC8C0A3-BF26-4591-8499-0D940D270034}.Release|Any CPU.ActiveCfg = Release|Any CPU
		{5CC8C0A3-BF26-4591-8499-0D940D270034}.Release|Any CPU.Build.0 = Release|Any CPU
		{CD6A9092-6926-4177-A513-774075036A5C}.Debug|Any CPU.ActiveCfg = Debug|Any CPU
		{CD6A9092-6926-4177-A513-774075036A5C}.Debug|Any CPU.Build.0 = Debug|Any CPU
		{CD6A9092-6926-4177-A513-774075036A5C}.Release|Any CPU.ActiveCfg = Release|Any CPU
		{CD6A9092-6926-4177-A513-774075036A5C}.Release|Any CPU.Build.0 = Release|Any CPU
		{A428E8EB-DDA6-4C8A-9C87-21D009C1C29C}.Debug|Any CPU.ActiveCfg = Debug|Any CPU
		{A428E8EB-DDA6-4C8A-9C87-21D009C1C29C}.Debug|Any CPU.Build.0 = Debug|Any CPU
		{A428E8EB-DDA6-4C8A-9C87-21D009C1C29C}.Release|Any CPU.ActiveCfg = Release|Any CPU
		{A428E8EB-DDA6-4C8A-9C87-21D009C1C29C}.Release|Any CPU.Build.0 = Release|Any CPU
		{D94AEF1F-D759-466A-AC82-9A3CA1C9CB8B}.Debug|Any CPU.ActiveCfg = Debug|Any CPU
		{D94AEF1F-D759-466A-AC82-9A3CA1C9CB8B}.Debug|Any CPU.Build.0 = Debug|Any CPU
		{D94AEF1F-D759-466A-AC82-9A3CA1C9CB8B}.Release|Any CPU.ActiveCfg = Release|Any CPU
		{D94AEF1F-D759-466A-AC82-9A3CA1C9CB8B}.Release|Any CPU.Build.0 = Release|Any CPU
		{84AA83CE-6EF6-4A9D-B8FA-F2167B910881}.Debug|Any CPU.ActiveCfg = Debug|Any CPU
		{84AA83CE-6EF6-4A9D-B8FA-F2167B910881}.Debug|Any CPU.Build.0 = Debug|Any CPU
		{84AA83CE-6EF6-4A9D-B8FA-F2167B910881}.Release|Any CPU.ActiveCfg = Release|Any CPU
		{84AA83CE-6EF6-4A9D-B8FA-F2167B910881}.Release|Any CPU.Build.0 = Release|Any CPU
	EndGlobalSection
	GlobalSection(SolutionProperties) = preSolution
		HideSolutionNode = FALSE
	EndGlobalSection
	GlobalSection(ExtensibilityGlobals) = postSolution
		SolutionGuid = {57852405-1DAB-408B-A3D4-5233F6866006}
	EndGlobalSection
EndGlobal
